
Microsoft Visual Studio Solution File, Format Version 12.00
# Visual Studio Version 17
VisualStudioVersion = 17.3.32901.215
MinimumVisualStudioVersion = 10.0.40219.1
Project("{FAE04EC0-301F-11D3-BF4B-00C04F79EFBC}") = "MohFirdausMNI_20210140089_Exercise1", "MohFirdausMNI_20210140089_Exercise1\MohFirdausMNI_20210140089_Exercise1.csproj", "{3B983DB3-7710-4C8E-81C4-32EF5AFCCE0D}"
EndProject
Global
	GlobalSection(SolutionConfigurationPlatforms) = preSolution
		Debug|Any CPU = Debug|Any CPU
		Release|Any CPU = Release|Any CPU
	EndGlobalSection
	GlobalSection(ProjectConfigurationPlatforms) = postSolution
		{3B983DB3-7710-4C8E-81C4-32EF5AFCCE0D}.Debug|Any CPU.ActiveCfg = Debug|Any CPU
		{3B983DB3-7710-4C8E-81C4-32EF5AFCCE0D}.Debug|Any CPU.Build.0 = Debug|Any CPU
		{3B983DB3-7710-4C8E-81C4-32EF5AFCCE0D}.Release|Any CPU.ActiveCfg = Release|Any CPU
		{3B983DB3-7710-4C8E-81C4-32EF5AFCCE0D}.Release|Any CPU.Build.0 = Release|Any CPU
	EndGlobalSection
	GlobalSection(SolutionProperties) = preSolution
		HideSolutionNode = FALSE
	EndGlobalSection
	GlobalSection(ExtensibilityGlobals) = postSolution
		SolutionGuid = {80BAB9FA-5EC4-44C3-9FAC-6A5FC84F6443}
	EndGlobalSection
EndGlobal
